
Microsoft Visual Studio Solution File, Format Version 12.00
# Visual Studio Version 17
VisualStudioVersion = 17.14.36623.8
MinimumVisualStudioVersion = 10.0.40219.1
Project("{FAE04EC0-301F-11D3-BF4B-00C04F79EFBC}") = "SellerDashboard", "SellerDashboard\SellerDashboard.csproj", "{2EFEBE97-D2C4-4B53-A60B-83EEB5242F49}"
EndProject
Project("{FAE04EC0-301F-11D3-BF4B-00C04F79EFBC}") = "PlaywrightTests", "PlaywrightTests\PlaywrightTests.csproj", "{5CEE3ECE-1899-4DDD-ACE5-4EFEB7C75879}"
EndProject
Project("{FAE04EC0-301F-11D3-BF4B-00C04F79EFBC}") = "UnitTests", "UnitTests\UnitTests.csproj", "{FCAAF7A7-D489-447F-BC93-7BBBA4CB2858}"
EndProject
Global
	GlobalSection(SolutionConfigurationPlatforms) = preSolution
		Debug|Any CPU = Debug|Any CPU
		Debug|x64 = Debug|x64
		Debug|x86 = Debug|x86
		Release|Any CPU = Release|Any CPU
		Release|x64 = Release|x64
		Release|x86 = Release|x86
	EndGlobalSection
	GlobalSection(ProjectConfigurationPlatforms) = postSolution
		{2EFEBE97-D2C4-4B53-A60B-83EEB5242F49}.Debug|Any CPU.ActiveCfg = Debug|Any CPU
		{2EFEBE97-D2C4-4B53-A60B-83EEB5242F49}.Debug|Any CPU.Build.0 = Debug|Any CPU
		{2EFEBE97-D2C4-4B53-A60B-83EEB5242F49}.Debug|x64.ActiveCfg = Debug|Any CPU
		{2EFEBE97-D2C4-4B53-A60B-83EEB5242F49}.Debug|x64.Build.0 = Debug|Any CPU
		{2EFEBE97-D2C4-4B53-A60B-83EEB5242F49}.Debug|x86.ActiveCfg = Debug|Any CPU
		{2EFEBE97-D2C4-4B53-A60B-83EEB5242F49}.Debug|x86.Build.0 = Debug|Any CPU
		{2EFEBE97-D2C4-4B53-A60B-83EEB5242F49}.Release|Any CPU.ActiveCfg = Release|Any CPU
		{2EFEBE97-D2C4-4B53-A60B-83EEB5242F49}.Release|Any CPU.Build.0 = Release|Any CPU
		{2EFEBE97-D2C4-4B53-A60B-83EEB5242F49}.Release|x64.ActiveCfg = Release|Any CPU
		{2EFEBE97-D2C4-4B53-A60B-83EEB5242F49}.Release|x64.Build.0 = Release|Any CPU
		{2EFEBE97-D2C4-4B53-A60B-83EEB5242F49}.Release|x86.ActiveCfg = Release|Any CPU
		{2EFEBE97-D2C4-4B53-A60B-83EEB5242F49}.Release|x86.Build.0 = Release|Any CPU
		{5CEE3ECE-1899-4DDD-ACE5-4EFEB7C75879}.Debug|Any CPU.ActiveCfg = Debug|Any CPU
		{5CEE3ECE-1899-4DDD-ACE5-4EFEB7C75879}.Debug|Any CPU.Build.0 = Debug|Any CPU
		{5CEE3ECE-1899-4DDD-ACE5-4EFEB7C75879}.Debug|x64.ActiveCfg = Debug|Any CPU
		{5CEE3ECE-1899-4DDD-ACE5-4EFEB7C75879}.Debug|x64.Build.0 = Debug|Any CPU
		{5CEE3ECE-1899-4DDD-ACE5-4EFEB7C75879}.Debug|x86.ActiveCfg = Debug|Any CPU
		{5CEE3ECE-1899-4DDD-ACE5-4EFEB7C75879}.Debug|x86.Build.0 = Debug|Any CPU
		{5CEE3ECE-1899-4DDD-ACE5-4EFEB7C75879}.Release|Any CPU.ActiveCfg = Release|Any CPU
		{5CEE3ECE-1899-4DDD-ACE5-4EFEB7C75879}.Release|Any CPU.Build.0 = Release|Any CPU
		{5CEE3ECE-1899-4DDD-ACE5-4EFEB7C75879}.Release|x64.ActiveCfg = Release|Any CPU
		{5CEE3ECE-1899-4DDD-ACE5-4EFEB7C75879}.Release|x64.Build.0 = Release|Any CPU
		{5CEE3ECE-1899-4DDD-ACE5-4EFEB7C75879}.Release|x86.ActiveCfg = Release|Any CPU
		{5CEE3ECE-1899-4DDD-ACE5-4EFEB7C75879}.Release|x86.Build.0 = Release|Any CPU
		{FCAAF7A7-D489-447F-BC93-7BBBA4CB2858}.Debug|Any CPU.ActiveCfg = Debug|Any CPU
		{FCAAF7A7-D489-447F-BC93-7BBBA4CB2858}.Debug|Any CPU.Build.0 = Debug|Any CPU
		{FCAAF7A7-D489-447F-BC93-7BBBA4CB2858}.Debug|x64.ActiveCfg = Debug|Any CPU
		{FCAAF7A7-D489-447F-BC93-7BBBA4CB2858}.Debug|x64.Build.0 = Debug|Any CPU
		{FCAAF7A7-D489-447F-BC93-7BBBA4CB2858}.Debug|x86.ActiveCfg = Debug|Any CPU
		{FCAAF7A7-D489-447F-BC93-7BBBA4CB2858}.Debug|x86.Build.0 = Debug|Any CPU
		{FCAAF7A7-D489-447F-BC93-7BBBA4CB2858}.Release|Any CPU.ActiveCfg = Release|Any CPU
		{FCAAF7A7-D489-447F-BC93-7BBBA4CB2858}.Release|Any CPU.Build.0 = Release|Any CPU
		{FCAAF7A7-D489-447F-BC93-7BBBA4CB2858}.Release|x64.ActiveCfg = Release|Any CPU
		{FCAAF7A7-D489-447F-BC93-7BBBA4CB2858}.Release|x64.Build.0 = Release|Any CPU
		{FCAAF7A7-D489-447F-BC93-7BBBA4CB2858}.Release|x86.ActiveCfg = Release|Any CPU
		{FCAAF7A7-D489-447F-BC93-7BBBA4CB2858}.Release|x86.Build.0 = Release|Any CPU
	EndGlobalSection
	GlobalSection(SolutionProperties) = preSolution
		HideSolutionNode = FALSE
	EndGlobalSection
	GlobalSection(ExtensibilityGlobals) = postSolution
		SolutionGuid = {656AC84C-F44F-4E9B-83C6-005ED3BB563E}
	EndGlobalSection
EndGlobal
